// !$*UTF8*$!
{
	archiveVersion = 1;
	classes = {
	};
	objectVersion = 56;
	objects = {

/* Begin PBXBuildFile section */
		046BB4992C105D3600B91BC7 /* CustomAnchorModel.swift in Sources */ = {isa = PBXBuildFile; fileRef = 046BB4982C105D3600B91BC7 /* CustomAnchorModel.swift */; };
		04DBC9762C1147CD00B8DF52 /* ARDataModel.swift in Sources */ = {isa = PBXBuildFile; fileRef = 04DBC9752C1147CD00B8DF52 /* ARDataModel.swift */; };
		04E64FEB2C0E08D2008CF4E7 /* MultipeerSceneView.swift in Sources */ = {isa = PBXBuildFile; fileRef = 04E64FEA2C0E08D2008CF4E7 /* MultipeerSceneView.swift */; };
		04F5B2BB2C0B0C50008DACC3 /* ResultView.swift in Sources */ = {isa = PBXBuildFile; fileRef = 04F5B2BA2C0B0C50008DACC3 /* ResultView.swift */; };
		04F5BCD92C05CD0000AC5205 /* FindTheRocksApp.swift in Sources */ = {isa = PBXBuildFile; fileRef = 04F5BCD82C05CD0000AC5205 /* FindTheRocksApp.swift */; };
		04F5BCDB2C05CD0000AC5205 /* ContentView.swift in Sources */ = {isa = PBXBuildFile; fileRef = 04F5BCDA2C05CD0000AC5205 /* ContentView.swift */; };
		04F5BCDD2C05CD0000AC5205 /* Item.swift in Sources */ = {isa = PBXBuildFile; fileRef = 04F5BCDC2C05CD0000AC5205 /* Item.swift */; };
		04F5BCDF2C05CD0200AC5205 /* Assets.xcassets in Resources */ = {isa = PBXBuildFile; fileRef = 04F5BCDE2C05CD0200AC5205 /* Assets.xcassets */; };
		04F5BCE22C05CD0200AC5205 /* Preview Assets.xcassets in Resources */ = {isa = PBXBuildFile; fileRef = 04F5BCE12C05CD0200AC5205 /* Preview Assets.xcassets */; };
		04F5BCEC2C05CD0200AC5205 /* FindTheRocksTests.swift in Sources */ = {isa = PBXBuildFile; fileRef = 04F5BCEB2C05CD0200AC5205 /* FindTheRocksTests.swift */; };
		04F5BCF62C05CD0200AC5205 /* FindTheRocksUITests.swift in Sources */ = {isa = PBXBuildFile; fileRef = 04F5BCF52C05CD0200AC5205 /* FindTheRocksUITests.swift */; };
		04F5BCF82C05CD0200AC5205 /* FindTheRocksUITestsLaunchTests.swift in Sources */ = {isa = PBXBuildFile; fileRef = 04F5BCF72C05CD0200AC5205 /* FindTheRocksUITestsLaunchTests.swift */; };
		04F5BD072C05CDE200AC5205 /* MultipeerSession.swift in Sources */ = {isa = PBXBuildFile; fileRef = 04F5BD062C05CDE200AC5205 /* MultipeerSession.swift */; };
		04F5BD092C05CE5B00AC5205 /* Utilities.swift in Sources */ = {isa = PBXBuildFile; fileRef = 04F5BD082C05CE5B00AC5205 /* Utilities.swift */; };
		04F5BD0B2C05CE8200AC5205 /* ARController.swift in Sources */ = {isa = PBXBuildFile; fileRef = 04F5BD0A2C05CE8200AC5205 /* ARController.swift */; };
		04FA9B392C087202002EC94D /* RoomViewModel.swift in Sources */ = {isa = PBXBuildFile; fileRef = 04FA9B372C087202002EC94D /* RoomViewModel.swift */; };
		924A44CA2C086B390002D8E1 /* art.scnassets in Resources */ = {isa = PBXBuildFile; fileRef = 924A44C92C086B390002D8E1 /* art.scnassets */; };
		924A44F22C0D9EA20002D8E1 /* PlantView.swift in Sources */ = {isa = PBXBuildFile; fileRef = 924A44F12C0D9EA20002D8E1 /* PlantView.swift */; };
		92DBDBDB2C0DE38A002C28B0 /* InGameView.swift in Sources */ = {isa = PBXBuildFile; fileRef = 92DBDBDA2C0DE38A002C28B0 /* InGameView.swift */; };
		92E0B1142C118F0B0009E2BB /* ModalCountDownComponent.swift in Sources */ = {isa = PBXBuildFile; fileRef = 92E0B1132C118F0B0009E2BB /* ModalCountDownComponent.swift */; };
		92E0B11F2C131E6D0009E2BB /* AppDelegate.swift in Sources */ = {isa = PBXBuildFile; fileRef = 92E0B11E2C131E6D0009E2BB /* AppDelegate.swift */; };
		92E0B1212C13204A0009E2BB /* AudioObservable.swift in Sources */ = {isa = PBXBuildFile; fileRef = 92E0B1202C13204A0009E2BB /* AudioObservable.swift */; };
		92E0B1242C1321340009E2BB /* count-down.mp3 in Resources */ = {isa = PBXBuildFile; fileRef = 92E0B1232C1321340009E2BB /* count-down.mp3 */; };
		92E0B1262C13213A0009E2BB /* background-music-funk.mp3 in Resources */ = {isa = PBXBuildFile; fileRef = 92E0B1252C13213A0009E2BB /* background-music-funk.mp3 */; };
		92E0B1292C1321480009E2BB /* click.mp3 in Resources */ = {isa = PBXBuildFile; fileRef = 92E0B1272C1321480009E2BB /* click.mp3 */; };
		92E0B12A2C1321480009E2BB /* winner.mp3 in Resources */ = {isa = PBXBuildFile; fileRef = 92E0B1282C1321480009E2BB /* winner.mp3 */; };
		92E0B1322C1440250009E2BB /* Staatliches-Regular.ttf in Resources */ = {isa = PBXBuildFile; fileRef = 92E0B1312C1440250009E2BB /* Staatliches-Regular.ttf */; };
		92E0B1342C1440350009E2BB /* TitanOne-Regular.ttf in Resources */ = {isa = PBXBuildFile; fileRef = 92E0B1332C1440350009E2BB /* TitanOne-Regular.ttf */; };
		92E0B1362C1442D70009E2BB /* WaitingPlantScreenView.swift in Sources */ = {isa = PBXBuildFile; fileRef = 92E0B1352C1442D70009E2BB /* WaitingPlantScreenView.swift */; };
		92E0B13A2C1497E30009E2BB /* drop.mp3 in Resources */ = {isa = PBXBuildFile; fileRef = 92E0B1392C1497E30009E2BB /* drop.mp3 */; };
		92E0B13C2C1499EC0009E2BB /* drop-2.mp3 in Resources */ = {isa = PBXBuildFile; fileRef = 92E0B13B2C1499EC0009E2BB /* drop-2.mp3 */; };
		A43A7A032C05DA0A00C46FAA /* HomeView.swift in Sources */ = {isa = PBXBuildFile; fileRef = A43A7A022C05DA0A00C46FAA /* HomeView.swift */; };
		A43A7A062C05E27E00C46FAA /* Color.swift in Sources */ = {isa = PBXBuildFile; fileRef = A43A7A042C05E27E00C46FAA /* Color.swift */; };
		A43A7A092C05E54000C46FAA /* SkewedRoundedRectangle.swift in Sources */ = {isa = PBXBuildFile; fileRef = A43A7A082C05E54000C46FAA /* SkewedRoundedRectangle.swift */; };
		A43A7A0B2C06411800C46FAA /* CustomRandomShape.swift in Sources */ = {isa = PBXBuildFile; fileRef = A43A7A0A2C06411800C46FAA /* CustomRandomShape.swift */; };
		A43A7A102C071C8900C46FAA /* Roboto-Black.ttf in Resources */ = {isa = PBXBuildFile; fileRef = A43A7A0F2C071C8900C46FAA /* Roboto-Black.ttf */; };
		A43A7A122C07246700C46FAA /* RoomSettingSheetView.swift in Sources */ = {isa = PBXBuildFile; fileRef = A43A7A112C07246700C46FAA /* RoomSettingSheetView.swift */; };
		A43A7A142C072B0C00C46FAA /* ButtonPillComponent.swift in Sources */ = {isa = PBXBuildFile; fileRef = A43A7A132C072B0C00C46FAA /* ButtonPillComponent.swift */; };
		A43A7A162C07374300C46FAA /* CustomStepperComponent.swift in Sources */ = {isa = PBXBuildFile; fileRef = A43A7A152C07374300C46FAA /* CustomStepperComponent.swift */; };
		A43A7A182C0737B900C46FAA /* ActionStepperComponent.swift in Sources */ = {isa = PBXBuildFile; fileRef = A43A7A172C0737B900C46FAA /* ActionStepperComponent.swift */; };
		A4DAC4CA2C085A670062CE38 /* RoomView.swift in Sources */ = {isa = PBXBuildFile; fileRef = A4DAC4C92C085A670062CE38 /* RoomView.swift */; };
		A4DAC4CD2C08660F0062CE38 /* RoomModel.swift in Sources */ = {isa = PBXBuildFile; fileRef = A4DAC4CC2C08660F0062CE38 /* RoomModel.swift */; };
		A4DAC4CF2C0866260062CE38 /* TeamModel.swift in Sources */ = {isa = PBXBuildFile; fileRef = A4DAC4CE2C0866260062CE38 /* TeamModel.swift */; };
		A4DAC4D12C0866340062CE38 /* PlayerModel.swift in Sources */ = {isa = PBXBuildFile; fileRef = A4DAC4D02C0866340062CE38 /* PlayerModel.swift */; };
		A4DAC4D32C08663F0062CE38 /* RockModel.swift in Sources */ = {isa = PBXBuildFile; fileRef = A4DAC4D22C08663F0062CE38 /* RockModel.swift */; };
		A4DAC4D82C0DB2C70062CE38 /* WaitingView.swift in Sources */ = {isa = PBXBuildFile; fileRef = A4DAC4D72C0DB2C70062CE38 /* WaitingView.swift */; };
		A4FF50202C1148E50057C4EF /* SplashScreenView.swift in Sources */ = {isa = PBXBuildFile; fileRef = A4FF501F2C1148E50057C4EF /* SplashScreenView.swift */; };
/* End PBXBuildFile section */

/* Begin PBXContainerItemProxy section */
		04F5BCE82C05CD0200AC5205 /* PBXContainerItemProxy */ = {
			isa = PBXContainerItemProxy;
			containerPortal = 04F5BCCD2C05CD0000AC5205 /* Project object */;
			proxyType = 1;
			remoteGlobalIDString = 04F5BCD42C05CD0000AC5205;
			remoteInfo = FindTheRocks;
		};
		04F5BCF22C05CD0200AC5205 /* PBXContainerItemProxy */ = {
			isa = PBXContainerItemProxy;
			containerPortal = 04F5BCCD2C05CD0000AC5205 /* Project object */;
			proxyType = 1;
			remoteGlobalIDString = 04F5BCD42C05CD0000AC5205;
			remoteInfo = FindTheRocks;
		};
/* End PBXContainerItemProxy section */

/* Begin PBXFileReference section */
		046BB4982C105D3600B91BC7 /* CustomAnchorModel.swift */ = {isa = PBXFileReference; lastKnownFileType = sourcecode.swift; path = CustomAnchorModel.swift; sourceTree = "<group>"; };
		04DBC9752C1147CD00B8DF52 /* ARDataModel.swift */ = {isa = PBXFileReference; lastKnownFileType = sourcecode.swift; path = ARDataModel.swift; sourceTree = "<group>"; };
		04E64FEA2C0E08D2008CF4E7 /* MultipeerSceneView.swift */ = {isa = PBXFileReference; lastKnownFileType = sourcecode.swift; path = MultipeerSceneView.swift; sourceTree = "<group>"; };
		04F5B2BA2C0B0C50008DACC3 /* ResultView.swift */ = {isa = PBXFileReference; fileEncoding = 4; lastKnownFileType = sourcecode.swift; path = ResultView.swift; sourceTree = "<group>"; };
		04F5BCD52C05CD0000AC5205 /* FindTheRocks.app */ = {isa = PBXFileReference; explicitFileType = wrapper.application; includeInIndex = 0; path = FindTheRocks.app; sourceTree = BUILT_PRODUCTS_DIR; };
		04F5BCD82C05CD0000AC5205 /* FindTheRocksApp.swift */ = {isa = PBXFileReference; lastKnownFileType = sourcecode.swift; path = FindTheRocksApp.swift; sourceTree = "<group>"; };
		04F5BCDA2C05CD0000AC5205 /* ContentView.swift */ = {isa = PBXFileReference; lastKnownFileType = sourcecode.swift; path = ContentView.swift; sourceTree = "<group>"; };
		04F5BCDC2C05CD0000AC5205 /* Item.swift */ = {isa = PBXFileReference; lastKnownFileType = sourcecode.swift; path = Item.swift; sourceTree = "<group>"; };
		04F5BCDE2C05CD0200AC5205 /* Assets.xcassets */ = {isa = PBXFileReference; lastKnownFileType = folder.assetcatalog; path = Assets.xcassets; sourceTree = "<group>"; };
		04F5BCE12C05CD0200AC5205 /* Preview Assets.xcassets */ = {isa = PBXFileReference; lastKnownFileType = folder.assetcatalog; path = "Preview Assets.xcassets"; sourceTree = "<group>"; };
		04F5BCE72C05CD0200AC5205 /* FindTheRocksTests.xctest */ = {isa = PBXFileReference; explicitFileType = wrapper.cfbundle; includeInIndex = 0; path = FindTheRocksTests.xctest; sourceTree = BUILT_PRODUCTS_DIR; };
		04F5BCEB2C05CD0200AC5205 /* FindTheRocksTests.swift */ = {isa = PBXFileReference; lastKnownFileType = sourcecode.swift; path = FindTheRocksTests.swift; sourceTree = "<group>"; };
		04F5BCF12C05CD0200AC5205 /* FindTheRocksUITests.xctest */ = {isa = PBXFileReference; explicitFileType = wrapper.cfbundle; includeInIndex = 0; path = FindTheRocksUITests.xctest; sourceTree = BUILT_PRODUCTS_DIR; };
		04F5BCF52C05CD0200AC5205 /* FindTheRocksUITests.swift */ = {isa = PBXFileReference; lastKnownFileType = sourcecode.swift; path = FindTheRocksUITests.swift; sourceTree = "<group>"; };
		04F5BCF72C05CD0200AC5205 /* FindTheRocksUITestsLaunchTests.swift */ = {isa = PBXFileReference; lastKnownFileType = sourcecode.swift; path = FindTheRocksUITestsLaunchTests.swift; sourceTree = "<group>"; };
		04F5BD042C05CD1600AC5205 /* Info.plist */ = {isa = PBXFileReference; lastKnownFileType = text.plist; path = Info.plist; sourceTree = "<group>"; };
		04F5BD062C05CDE200AC5205 /* MultipeerSession.swift */ = {isa = PBXFileReference; lastKnownFileType = sourcecode.swift; path = MultipeerSession.swift; sourceTree = "<group>"; };
		04F5BD082C05CE5B00AC5205 /* Utilities.swift */ = {isa = PBXFileReference; lastKnownFileType = sourcecode.swift; path = Utilities.swift; sourceTree = "<group>"; };
		04F5BD0A2C05CE8200AC5205 /* ARController.swift */ = {isa = PBXFileReference; lastKnownFileType = sourcecode.swift; path = ARController.swift; sourceTree = "<group>"; };
		04FA9B372C087202002EC94D /* RoomViewModel.swift */ = {isa = PBXFileReference; fileEncoding = 4; lastKnownFileType = sourcecode.swift; path = RoomViewModel.swift; sourceTree = "<group>"; };
		924A44C92C086B390002D8E1 /* art.scnassets */ = {isa = PBXFileReference; lastKnownFileType = wrapper.scnassets; path = art.scnassets; sourceTree = "<group>"; };
		924A44F12C0D9EA20002D8E1 /* PlantView.swift */ = {isa = PBXFileReference; fileEncoding = 4; lastKnownFileType = sourcecode.swift; path = PlantView.swift; sourceTree = "<group>"; };
		92DBDBDA2C0DE38A002C28B0 /* InGameView.swift */ = {isa = PBXFileReference; lastKnownFileType = sourcecode.swift; path = InGameView.swift; sourceTree = "<group>"; };
		92E0B1132C118F0B0009E2BB /* ModalCountDownComponent.swift */ = {isa = PBXFileReference; lastKnownFileType = sourcecode.swift; path = ModalCountDownComponent.swift; sourceTree = "<group>"; };
		92E0B11E2C131E6D0009E2BB /* AppDelegate.swift */ = {isa = PBXFileReference; lastKnownFileType = sourcecode.swift; path = AppDelegate.swift; sourceTree = "<group>"; };
		92E0B1202C13204A0009E2BB /* AudioObservable.swift */ = {isa = PBXFileReference; lastKnownFileType = sourcecode.swift; path = AudioObservable.swift; sourceTree = "<group>"; };
		92E0B1232C1321340009E2BB /* count-down.mp3 */ = {isa = PBXFileReference; lastKnownFileType = audio.mp3; path = "count-down.mp3"; sourceTree = "<group>"; };
		92E0B1252C13213A0009E2BB /* background-music-funk.mp3 */ = {isa = PBXFileReference; lastKnownFileType = audio.mp3; path = "background-music-funk.mp3"; sourceTree = "<group>"; };
		92E0B1272C1321480009E2BB /* click.mp3 */ = {isa = PBXFileReference; lastKnownFileType = audio.mp3; path = click.mp3; sourceTree = "<group>"; };
		92E0B1282C1321480009E2BB /* winner.mp3 */ = {isa = PBXFileReference; lastKnownFileType = audio.mp3; path = winner.mp3; sourceTree = "<group>"; };
		92E0B12B2C1323B40009E2BB /* Staatliches-Regular.ttf */ = {isa = PBXFileReference; lastKnownFileType = file; name = "Staatliches-Regular.ttf"; path = "/Downloads/Staatliches,Titan_One/Staatliches/Staatliches-Regular.ttf"; sourceTree = "<absolute>"; };
		92E0B1312C1440250009E2BB /* Staatliches-Regular.ttf */ = {isa = PBXFileReference; lastKnownFileType = file; path = "Staatliches-Regular.ttf"; sourceTree = "<group>"; };
		92E0B1332C1440350009E2BB /* TitanOne-Regular.ttf */ = {isa = PBXFileReference; lastKnownFileType = file; path = "TitanOne-Regular.ttf"; sourceTree = "<group>"; };
		92E0B1352C1442D70009E2BB /* WaitingPlantScreenView.swift */ = {isa = PBXFileReference; lastKnownFileType = sourcecode.swift; path = WaitingPlantScreenView.swift; sourceTree = "<group>"; };
		92E0B1392C1497E30009E2BB /* drop.mp3 */ = {isa = PBXFileReference; lastKnownFileType = audio.mp3; path = drop.mp3; sourceTree = "<group>"; };
		92E0B13B2C1499EC0009E2BB /* drop-2.mp3 */ = {isa = PBXFileReference; lastKnownFileType = audio.mp3; path = "drop-2.mp3"; sourceTree = "<group>"; };
		A43A7A022C05DA0A00C46FAA /* HomeView.swift */ = {isa = PBXFileReference; lastKnownFileType = sourcecode.swift; path = HomeView.swift; sourceTree = "<group>"; };
		A43A7A042C05E27E00C46FAA /* Color.swift */ = {isa = PBXFileReference; fileEncoding = 4; lastKnownFileType = sourcecode.swift; path = Color.swift; sourceTree = "<group>"; };
		A43A7A082C05E54000C46FAA /* SkewedRoundedRectangle.swift */ = {isa = PBXFileReference; lastKnownFileType = sourcecode.swift; path = SkewedRoundedRectangle.swift; sourceTree = "<group>"; };
		A43A7A0A2C06411800C46FAA /* CustomRandomShape.swift */ = {isa = PBXFileReference; lastKnownFileType = sourcecode.swift; path = CustomRandomShape.swift; sourceTree = "<group>"; };
		A43A7A0F2C071C8900C46FAA /* Roboto-Black.ttf */ = {isa = PBXFileReference; lastKnownFileType = file; path = "Roboto-Black.ttf"; sourceTree = "<group>"; };
		A43A7A112C07246700C46FAA /* RoomSettingSheetView.swift */ = {isa = PBXFileReference; lastKnownFileType = sourcecode.swift; path = RoomSettingSheetView.swift; sourceTree = "<group>"; };
		A43A7A132C072B0C00C46FAA /* ButtonPillComponent.swift */ = {isa = PBXFileReference; lastKnownFileType = sourcecode.swift; path = ButtonPillComponent.swift; sourceTree = "<group>"; };
		A43A7A152C07374300C46FAA /* CustomStepperComponent.swift */ = {isa = PBXFileReference; lastKnownFileType = sourcecode.swift; path = CustomStepperComponent.swift; sourceTree = "<group>"; };
		A43A7A172C0737B900C46FAA /* ActionStepperComponent.swift */ = {isa = PBXFileReference; lastKnownFileType = sourcecode.swift; path = ActionStepperComponent.swift; sourceTree = "<group>"; };
		A4DAC4C92C085A670062CE38 /* RoomView.swift */ = {isa = PBXFileReference; fileEncoding = 4; lastKnownFileType = sourcecode.swift; path = RoomView.swift; sourceTree = "<group>"; };
		A4DAC4CC2C08660F0062CE38 /* RoomModel.swift */ = {isa = PBXFileReference; lastKnownFileType = sourcecode.swift; path = RoomModel.swift; sourceTree = "<group>"; };
		A4DAC4CE2C0866260062CE38 /* TeamModel.swift */ = {isa = PBXFileReference; lastKnownFileType = sourcecode.swift; path = TeamModel.swift; sourceTree = "<group>"; };
		A4DAC4D02C0866340062CE38 /* PlayerModel.swift */ = {isa = PBXFileReference; lastKnownFileType = sourcecode.swift; path = PlayerModel.swift; sourceTree = "<group>"; };
		A4DAC4D22C08663F0062CE38 /* RockModel.swift */ = {isa = PBXFileReference; lastKnownFileType = sourcecode.swift; path = RockModel.swift; sourceTree = "<group>"; };
		A4DAC4D72C0DB2C70062CE38 /* WaitingView.swift */ = {isa = PBXFileReference; lastKnownFileType = sourcecode.swift; path = WaitingView.swift; sourceTree = "<group>"; };
		A4FF501F2C1148E50057C4EF /* SplashScreenView.swift */ = {isa = PBXFileReference; lastKnownFileType = sourcecode.swift; path = SplashScreenView.swift; sourceTree = "<group>"; };
/* End PBXFileReference section */

/* Begin PBXFrameworksBuildPhase section */
		04F5BCD22C05CD0000AC5205 /* Frameworks */ = {
			isa = PBXFrameworksBuildPhase;
			buildActionMask = 2147483647;
			files = (
			);
			runOnlyForDeploymentPostprocessing = 0;
		};
		04F5BCE42C05CD0200AC5205 /* Frameworks */ = {
			isa = PBXFrameworksBuildPhase;
			buildActionMask = 2147483647;
			files = (
			);
			runOnlyForDeploymentPostprocessing = 0;
		};
		04F5BCEE2C05CD0200AC5205 /* Frameworks */ = {
			isa = PBXFrameworksBuildPhase;
			buildActionMask = 2147483647;
			files = (
			);
			runOnlyForDeploymentPostprocessing = 0;
		};
/* End PBXFrameworksBuildPhase section */

/* Begin PBXGroup section */
		04F5BCCC2C05CD0000AC5205 = {
			isa = PBXGroup;
			children = (
				04F5BCD72C05CD0000AC5205 /* FindTheRocks */,
				04F5BCEA2C05CD0200AC5205 /* FindTheRocksTests */,
				04F5BCF42C05CD0200AC5205 /* FindTheRocksUITests */,
				04F5BCD62C05CD0000AC5205 /* Products */,
				A442E7F02C13506500D8A6DC /* Recovered References */,
			);
			sourceTree = "<group>";
		};
		04F5BCD62C05CD0000AC5205 /* Products */ = {
			isa = PBXGroup;
			children = (
				04F5BCD52C05CD0000AC5205 /* FindTheRocks.app */,
				04F5BCE72C05CD0200AC5205 /* FindTheRocksTests.xctest */,
				04F5BCF12C05CD0200AC5205 /* FindTheRocksUITests.xctest */,
			);
			name = Products;
			sourceTree = "<group>";
		};
		04F5BCD72C05CD0000AC5205 /* FindTheRocks */ = {
			isa = PBXGroup;
			children = (
				92E0B1222C1320EB0009E2BB /* Sounds */,
				04FA9B382C087202002EC94D /* ViewModels */,
				A4DAC4CB2C0865E40062CE38 /* Models */,
				A43A7A0E2C07164800C46FAA /* Fonts */,
				924A44C92C086B390002D8E1 /* art.scnassets */,
				A43A7A072C05E4EF00C46FAA /* Components */,
				A43A7A012C05D99E00C46FAA /* Views */,
				A43A7A052C05E27E00C46FAA /* Style */,
				04F5BD052C05CDD400AC5205 /* Utils */,
				04F5BD042C05CD1600AC5205 /* Info.plist */,
				04F5BCD82C05CD0000AC5205 /* FindTheRocksApp.swift */,
				04F5BCDA2C05CD0000AC5205 /* ContentView.swift */,
				04F5BCDC2C05CD0000AC5205 /* Item.swift */,
				04F5BCDE2C05CD0200AC5205 /* Assets.xcassets */,
				04F5BCE02C05CD0200AC5205 /* Preview Content */,
			);
			path = FindTheRocks;
			sourceTree = "<group>";
		};
		04F5BCE02C05CD0200AC5205 /* Preview Content */ = {
			isa = PBXGroup;
			children = (
				04F5BCE12C05CD0200AC5205 /* Preview Assets.xcassets */,
			);
			path = "Preview Content";
			sourceTree = "<group>";
		};
		04F5BCEA2C05CD0200AC5205 /* FindTheRocksTests */ = {
			isa = PBXGroup;
			children = (
				04F5BCEB2C05CD0200AC5205 /* FindTheRocksTests.swift */,
			);
			path = FindTheRocksTests;
			sourceTree = "<group>";
		};
		04F5BCF42C05CD0200AC5205 /* FindTheRocksUITests */ = {
			isa = PBXGroup;
			children = (
				04F5BCF52C05CD0200AC5205 /* FindTheRocksUITests.swift */,
				04F5BCF72C05CD0200AC5205 /* FindTheRocksUITestsLaunchTests.swift */,
			);
			path = FindTheRocksUITests;
			sourceTree = "<group>";
		};
		04F5BD052C05CDD400AC5205 /* Utils */ = {
			isa = PBXGroup;
			children = (
				04F5BD062C05CDE200AC5205 /* MultipeerSession.swift */,
				04F5BD082C05CE5B00AC5205 /* Utilities.swift */,
				04F5BD0A2C05CE8200AC5205 /* ARController.swift */,
				04E64FEA2C0E08D2008CF4E7 /* MultipeerSceneView.swift */,
				92E0B11E2C131E6D0009E2BB /* AppDelegate.swift */,
				92E0B1202C13204A0009E2BB /* AudioObservable.swift */,
			);
			path = Utils;
			sourceTree = "<group>";
		};
		04FA9B382C087202002EC94D /* ViewModels */ = {
			isa = PBXGroup;
			children = (
				04FA9B372C087202002EC94D /* RoomViewModel.swift */,
			);
			path = ViewModels;
			sourceTree = "<group>";
		};
		92E0B1222C1320EB0009E2BB /* Sounds */ = {
			isa = PBXGroup;
			children = (
				92E0B1232C1321340009E2BB /* count-down.mp3 */,
				92E0B1252C13213A0009E2BB /* background-music-funk.mp3 */,
				92E0B1282C1321480009E2BB /* winner.mp3 */,
				92E0B1272C1321480009E2BB /* click.mp3 */,
				92E0B1392C1497E30009E2BB /* drop.mp3 */,
				92E0B13B2C1499EC0009E2BB /* drop-2.mp3 */,
			);
			path = Sounds;
			sourceTree = "<group>";
		};
		A43A7A012C05D99E00C46FAA /* Views */ = {
			isa = PBXGroup;
			children = (
				92E0B1352C1442D70009E2BB /* WaitingPlantScreenView.swift */,
				A4DAC4C92C085A670062CE38 /* RoomView.swift */,
				A43A7A022C05DA0A00C46FAA /* HomeView.swift */,
				04F5B2BA2C0B0C50008DACC3 /* ResultView.swift */,
				924A44F12C0D9EA20002D8E1 /* PlantView.swift */,
				A43A7A112C07246700C46FAA /* RoomSettingSheetView.swift */,
				92DBDBDA2C0DE38A002C28B0 /* InGameView.swift */,
				A4DAC4D72C0DB2C70062CE38 /* WaitingView.swift */,
				A4FF501F2C1148E50057C4EF /* SplashScreenView.swift */,
			);
			path = Views;
			sourceTree = "<group>";
		};
		A43A7A052C05E27E00C46FAA /* Style */ = {
			isa = PBXGroup;
			children = (
				A43A7A042C05E27E00C46FAA /* Color.swift */,
			);
			path = Style;
			sourceTree = "<group>";
		};
		A43A7A072C05E4EF00C46FAA /* Components */ = {
			isa = PBXGroup;
			children = (
				A43A7A082C05E54000C46FAA /* SkewedRoundedRectangle.swift */,
				A43A7A0A2C06411800C46FAA /* CustomRandomShape.swift */,
				A43A7A132C072B0C00C46FAA /* ButtonPillComponent.swift */,
				A43A7A152C07374300C46FAA /* CustomStepperComponent.swift */,
				A43A7A172C0737B900C46FAA /* ActionStepperComponent.swift */,
				92E0B1132C118F0B0009E2BB /* ModalCountDownComponent.swift */,
			);
			path = Components;
			sourceTree = "<group>";
		};
		A43A7A0E2C07164800C46FAA /* Fonts */ = {
			isa = PBXGroup;
			children = (
				92E0B1312C1440250009E2BB /* Staatliches-Regular.ttf */,
				92E0B1332C1440350009E2BB /* TitanOne-Regular.ttf */,
				A43A7A0F2C071C8900C46FAA /* Roboto-Black.ttf */,
			);
			path = Fonts;
			sourceTree = "<group>";
		};
		A442E7F02C13506500D8A6DC /* Recovered References */ = {
			isa = PBXGroup;
			children = (
				92E0B12B2C1323B40009E2BB /* Staatliches-Regular.ttf */,
			);
			name = "Recovered References";
			sourceTree = "<group>";
		};
		A4DAC4CB2C0865E40062CE38 /* Models */ = {
			isa = PBXGroup;
			children = (
				A4DAC4CC2C08660F0062CE38 /* RoomModel.swift */,
				A4DAC4CE2C0866260062CE38 /* TeamModel.swift */,
				A4DAC4D02C0866340062CE38 /* PlayerModel.swift */,
				A4DAC4D22C08663F0062CE38 /* RockModel.swift */,
				046BB4982C105D3600B91BC7 /* CustomAnchorModel.swift */,
				04DBC9752C1147CD00B8DF52 /* ARDataModel.swift */,
			);
			path = Models;
			sourceTree = "<group>";
		};
/* End PBXGroup section */

/* Begin PBXNativeTarget section */
		04F5BCD42C05CD0000AC5205 /* FindTheRocks */ = {
			isa = PBXNativeTarget;
			buildConfigurationList = 04F5BCFB2C05CD0200AC5205 /* Build configuration list for PBXNativeTarget "FindTheRocks" */;
			buildPhases = (
				04F5BCD12C05CD0000AC5205 /* Sources */,
				04F5BCD22C05CD0000AC5205 /* Frameworks */,
				04F5BCD32C05CD0000AC5205 /* Resources */,
			);
			buildRules = (
			);
			dependencies = (
			);
			name = FindTheRocks;
			productName = FindTheRocks;
			productReference = 04F5BCD52C05CD0000AC5205 /* FindTheRocks.app */;
			productType = "com.apple.product-type.application";
		};
		04F5BCE62C05CD0200AC5205 /* FindTheRocksTests */ = {
			isa = PBXNativeTarget;
			buildConfigurationList = 04F5BCFE2C05CD0200AC5205 /* Build configuration list for PBXNativeTarget "FindTheRocksTests" */;
			buildPhases = (
				04F5BCE32C05CD0200AC5205 /* Sources */,
				04F5BCE42C05CD0200AC5205 /* Frameworks */,
				04F5BCE52C05CD0200AC5205 /* Resources */,
			);
			buildRules = (
			);
			dependencies = (
				04F5BCE92C05CD0200AC5205 /* PBXTargetDependency */,
			);
			name = FindTheRocksTests;
			productName = FindTheRocksTests;
			productReference = 04F5BCE72C05CD0200AC5205 /* FindTheRocksTests.xctest */;
			productType = "com.apple.product-type.bundle.unit-test";
		};
		04F5BCF02C05CD0200AC5205 /* FindTheRocksUITests */ = {
			isa = PBXNativeTarget;
			buildConfigurationList = 04F5BD012C05CD0200AC5205 /* Build configuration list for PBXNativeTarget "FindTheRocksUITests" */;
			buildPhases = (
				04F5BCED2C05CD0200AC5205 /* Sources */,
				04F5BCEE2C05CD0200AC5205 /* Frameworks */,
				04F5BCEF2C05CD0200AC5205 /* Resources */,
			);
			buildRules = (
			);
			dependencies = (
				04F5BCF32C05CD0200AC5205 /* PBXTargetDependency */,
			);
			name = FindTheRocksUITests;
			productName = FindTheRocksUITests;
			productReference = 04F5BCF12C05CD0200AC5205 /* FindTheRocksUITests.xctest */;
			productType = "com.apple.product-type.bundle.ui-testing";
		};
/* End PBXNativeTarget section */

/* Begin PBXProject section */
		04F5BCCD2C05CD0000AC5205 /* Project object */ = {
			isa = PBXProject;
			attributes = {
				BuildIndependentTargetsInParallel = 1;
				LastSwiftUpdateCheck = 1530;
				LastUpgradeCheck = 1530;
				TargetAttributes = {
					04F5BCD42C05CD0000AC5205 = {
						CreatedOnToolsVersion = 15.3;
					};
					04F5BCE62C05CD0200AC5205 = {
						CreatedOnToolsVersion = 15.3;
						TestTargetID = 04F5BCD42C05CD0000AC5205;
					};
					04F5BCF02C05CD0200AC5205 = {
						CreatedOnToolsVersion = 15.3;
						TestTargetID = 04F5BCD42C05CD0000AC5205;
					};
				};
			};
			buildConfigurationList = 04F5BCD02C05CD0000AC5205 /* Build configuration list for PBXProject "FindTheRocks" */;
			compatibilityVersion = "Xcode 14.0";
			developmentRegion = en;
			hasScannedForEncodings = 0;
			knownRegions = (
				en,
				Base,
			);
			mainGroup = 04F5BCCC2C05CD0000AC5205;
			productRefGroup = 04F5BCD62C05CD0000AC5205 /* Products */;
			projectDirPath = "";
			projectRoot = "";
			targets = (
				04F5BCD42C05CD0000AC5205 /* FindTheRocks */,
				04F5BCE62C05CD0200AC5205 /* FindTheRocksTests */,
				04F5BCF02C05CD0200AC5205 /* FindTheRocksUITests */,
			);
		};
/* End PBXProject section */

/* Begin PBXResourcesBuildPhase section */
		04F5BCD32C05CD0000AC5205 /* Resources */ = {
			isa = PBXResourcesBuildPhase;
			buildActionMask = 2147483647;
			files = (
				92E0B13C2C1499EC0009E2BB /* drop-2.mp3 in Resources */,
				92E0B1292C1321480009E2BB /* click.mp3 in Resources */,
				92E0B1322C1440250009E2BB /* Staatliches-Regular.ttf in Resources */,
				924A44CA2C086B390002D8E1 /* art.scnassets in Resources */,
				92E0B12A2C1321480009E2BB /* winner.mp3 in Resources */,
				92E0B1262C13213A0009E2BB /* background-music-funk.mp3 in Resources */,
				92E0B1342C1440350009E2BB /* TitanOne-Regular.ttf in Resources */,
				92E0B13A2C1497E30009E2BB /* drop.mp3 in Resources */,
				04F5BCE22C05CD0200AC5205 /* Preview Assets.xcassets in Resources */,
				04F5BCDF2C05CD0200AC5205 /* Assets.xcassets in Resources */,
				A43A7A102C071C8900C46FAA /* Roboto-Black.ttf in Resources */,
				92E0B1242C1321340009E2BB /* count-down.mp3 in Resources */,
			);
			runOnlyForDeploymentPostprocessing = 0;
		};
		04F5BCE52C05CD0200AC5205 /* Resources */ = {
			isa = PBXResourcesBuildPhase;
			buildActionMask = 2147483647;
			files = (
			);
			runOnlyForDeploymentPostprocessing = 0;
		};
		04F5BCEF2C05CD0200AC5205 /* Resources */ = {
			isa = PBXResourcesBuildPhase;
			buildActionMask = 2147483647;
			files = (
			);
			runOnlyForDeploymentPostprocessing = 0;
		};
/* End PBXResourcesBuildPhase section */

/* Begin PBXSourcesBuildPhase section */
		04F5BCD12C05CD0000AC5205 /* Sources */ = {
			isa = PBXSourcesBuildPhase;
			buildActionMask = 2147483647;
			files = (
				924A44F22C0D9EA20002D8E1 /* PlantView.swift in Sources */,
				A4FF50202C1148E50057C4EF /* SplashScreenView.swift in Sources */,
				92E0B1212C13204A0009E2BB /* AudioObservable.swift in Sources */,
				A43A7A142C072B0C00C46FAA /* ButtonPillComponent.swift in Sources */,
				A4DAC4CF2C0866260062CE38 /* TeamModel.swift in Sources */,
				046BB4992C105D3600B91BC7 /* CustomAnchorModel.swift in Sources */,
				04F5BD072C05CDE200AC5205 /* MultipeerSession.swift in Sources */,
				92E0B1142C118F0B0009E2BB /* ModalCountDownComponent.swift in Sources */,
				A43A7A0B2C06411800C46FAA /* CustomRandomShape.swift in Sources */,
				A43A7A032C05DA0A00C46FAA /* HomeView.swift in Sources */,
				04F5B2BB2C0B0C50008DACC3 /* ResultView.swift in Sources */,
				A4DAC4D82C0DB2C70062CE38 /* WaitingView.swift in Sources */,
				04F5BCDB2C05CD0000AC5205 /* ContentView.swift in Sources */,
				92DBDBDB2C0DE38A002C28B0 /* InGameView.swift in Sources */,
				A43A7A122C07246700C46FAA /* RoomSettingSheetView.swift in Sources */,
				A4DAC4D32C08663F0062CE38 /* RockModel.swift in Sources */,
				04DBC9762C1147CD00B8DF52 /* ARDataModel.swift in Sources */,
				04F5BCDD2C05CD0000AC5205 /* Item.swift in Sources */,
				A43A7A182C0737B900C46FAA /* ActionStepperComponent.swift in Sources */,
				92E0B11F2C131E6D0009E2BB /* AppDelegate.swift in Sources */,
				A4DAC4CD2C08660F0062CE38 /* RoomModel.swift in Sources */,
				04F5BD092C05CE5B00AC5205 /* Utilities.swift in Sources */,
				A43A7A062C05E27E00C46FAA /* Color.swift in Sources */,
				04E64FEB2C0E08D2008CF4E7 /* MultipeerSceneView.swift in Sources */,
				A4DAC4D12C0866340062CE38 /* PlayerModel.swift in Sources */,
				04F5BD0B2C05CE8200AC5205 /* ARController.swift in Sources */,
				04FA9B392C087202002EC94D /* RoomViewModel.swift in Sources */,
				04F5BCD92C05CD0000AC5205 /* FindTheRocksApp.swift in Sources */,
				A4DAC4CA2C085A670062CE38 /* RoomView.swift in Sources */,
				92E0B1362C1442D70009E2BB /* WaitingPlantScreenView.swift in Sources */,
				A43A7A162C07374300C46FAA /* CustomStepperComponent.swift in Sources */,
				A43A7A092C05E54000C46FAA /* SkewedRoundedRectangle.swift in Sources */,
			);
			runOnlyForDeploymentPostprocessing = 0;
		};
		04F5BCE32C05CD0200AC5205 /* Sources */ = {
			isa = PBXSourcesBuildPhase;
			buildActionMask = 2147483647;
			files = (
				04F5BCEC2C05CD0200AC5205 /* FindTheRocksTests.swift in Sources */,
			);
			runOnlyForDeploymentPostprocessing = 0;
		};
		04F5BCED2C05CD0200AC5205 /* Sources */ = {
			isa = PBXSourcesBuildPhase;
			buildActionMask = 2147483647;
			files = (
				04F5BCF82C05CD0200AC5205 /* FindTheRocksUITestsLaunchTests.swift in Sources */,
				04F5BCF62C05CD0200AC5205 /* FindTheRocksUITests.swift in Sources */,
			);
			runOnlyForDeploymentPostprocessing = 0;
		};
/* End PBXSourcesBuildPhase section */

/* Begin PBXTargetDependency section */
		04F5BCE92C05CD0200AC5205 /* PBXTargetDependency */ = {
			isa = PBXTargetDependency;
			target = 04F5BCD42C05CD0000AC5205 /* FindTheRocks */;
			targetProxy = 04F5BCE82C05CD0200AC5205 /* PBXContainerItemProxy */;
		};
		04F5BCF32C05CD0200AC5205 /* PBXTargetDependency */ = {
			isa = PBXTargetDependency;
			target = 04F5BCD42C05CD0000AC5205 /* FindTheRocks */;
			targetProxy = 04F5BCF22C05CD0200AC5205 /* PBXContainerItemProxy */;
		};
/* End PBXTargetDependency section */

/* Begin XCBuildConfiguration section */
		04F5BCF92C05CD0200AC5205 /* Debug */ = {
			isa = XCBuildConfiguration;
			buildSettings = {
				ALWAYS_SEARCH_USER_PATHS = NO;
				ASSETCATALOG_COMPILER_GENERATE_SWIFT_ASSET_SYMBOL_EXTENSIONS = YES;
				CLANG_ANALYZER_NONNULL = YES;
				CLANG_ANALYZER_NUMBER_OBJECT_CONVERSION = YES_AGGRESSIVE;
				CLANG_CXX_LANGUAGE_STANDARD = "gnu++20";
				CLANG_ENABLE_MODULES = YES;
				CLANG_ENABLE_OBJC_ARC = YES;
				CLANG_ENABLE_OBJC_WEAK = YES;
				CLANG_WARN_BLOCK_CAPTURE_AUTORELEASING = YES;
				CLANG_WARN_BOOL_CONVERSION = YES;
				CLANG_WARN_COMMA = YES;
				CLANG_WARN_CONSTANT_CONVERSION = YES;
				CLANG_WARN_DEPRECATED_OBJC_IMPLEMENTATIONS = YES;
				CLANG_WARN_DIRECT_OBJC_ISA_USAGE = YES_ERROR;
				CLANG_WARN_DOCUMENTATION_COMMENTS = YES;
				CLANG_WARN_EMPTY_BODY = YES;
				CLANG_WARN_ENUM_CONVERSION = YES;
				CLANG_WARN_INFINITE_RECURSION = YES;
				CLANG_WARN_INT_CONVERSION = YES;
				CLANG_WARN_NON_LITERAL_NULL_CONVERSION = YES;
				CLANG_WARN_OBJC_IMPLICIT_RETAIN_SELF = YES;
				CLANG_WARN_OBJC_LITERAL_CONVERSION = YES;
				CLANG_WARN_OBJC_ROOT_CLASS = YES_ERROR;
				CLANG_WARN_QUOTED_INCLUDE_IN_FRAMEWORK_HEADER = YES;
				CLANG_WARN_RANGE_LOOP_ANALYSIS = YES;
				CLANG_WARN_STRICT_PROTOTYPES = YES;
				CLANG_WARN_SUSPICIOUS_MOVE = YES;
				CLANG_WARN_UNGUARDED_AVAILABILITY = YES_AGGRESSIVE;
				CLANG_WARN_UNREACHABLE_CODE = YES;
				CLANG_WARN__DUPLICATE_METHOD_MATCH = YES;
				COPY_PHASE_STRIP = NO;
				DEBUG_INFORMATION_FORMAT = dwarf;
				ENABLE_STRICT_OBJC_MSGSEND = YES;
				ENABLE_TESTABILITY = YES;
				ENABLE_USER_SCRIPT_SANDBOXING = YES;
				GCC_C_LANGUAGE_STANDARD = gnu17;
				GCC_DYNAMIC_NO_PIC = NO;
				GCC_NO_COMMON_BLOCKS = YES;
				GCC_OPTIMIZATION_LEVEL = 0;
				GCC_PREPROCESSOR_DEFINITIONS = (
					"DEBUG=1",
					"$(inherited)",
				);
				GCC_WARN_64_TO_32_BIT_CONVERSION = YES;
				GCC_WARN_ABOUT_RETURN_TYPE = YES_ERROR;
				GCC_WARN_UNDECLARED_SELECTOR = YES;
				GCC_WARN_UNINITIALIZED_AUTOS = YES_AGGRESSIVE;
				GCC_WARN_UNUSED_FUNCTION = YES;
				GCC_WARN_UNUSED_VARIABLE = YES;
				IPHONEOS_DEPLOYMENT_TARGET = 17.4;
				LOCALIZATION_PREFERS_STRING_CATALOGS = YES;
				MTL_ENABLE_DEBUG_INFO = INCLUDE_SOURCE;
				MTL_FAST_MATH = YES;
				ONLY_ACTIVE_ARCH = YES;
				SDKROOT = iphoneos;
				SWIFT_ACTIVE_COMPILATION_CONDITIONS = "DEBUG $(inherited)";
				SWIFT_OPTIMIZATION_LEVEL = "-Onone";
			};
			name = Debug;
		};
		04F5BCFA2C05CD0200AC5205 /* Release */ = {
			isa = XCBuildConfiguration;
			buildSettings = {
				ALWAYS_SEARCH_USER_PATHS = NO;
				ASSETCATALOG_COMPILER_GENERATE_SWIFT_ASSET_SYMBOL_EXTENSIONS = YES;
				CLANG_ANALYZER_NONNULL = YES;
				CLANG_ANALYZER_NUMBER_OBJECT_CONVERSION = YES_AGGRESSIVE;
				CLANG_CXX_LANGUAGE_STANDARD = "gnu++20";
				CLANG_ENABLE_MODULES = YES;
				CLANG_ENABLE_OBJC_ARC = YES;
				CLANG_ENABLE_OBJC_WEAK = YES;
				CLANG_WARN_BLOCK_CAPTURE_AUTORELEASING = YES;
				CLANG_WARN_BOOL_CONVERSION = YES;
				CLANG_WARN_COMMA = YES;
				CLANG_WARN_CONSTANT_CONVERSION = YES;
				CLANG_WARN_DEPRECATED_OBJC_IMPLEMENTATIONS = YES;
				CLANG_WARN_DIRECT_OBJC_ISA_USAGE = YES_ERROR;
				CLANG_WARN_DOCUMENTATION_COMMENTS = YES;
				CLANG_WARN_EMPTY_BODY = YES;
				CLANG_WARN_ENUM_CONVERSION = YES;
				CLANG_WARN_INFINITE_RECURSION = YES;
				CLANG_WARN_INT_CONVERSION = YES;
				CLANG_WARN_NON_LITERAL_NULL_CONVERSION = YES;
				CLANG_WARN_OBJC_IMPLICIT_RETAIN_SELF = YES;
				CLANG_WARN_OBJC_LITERAL_CONVERSION = YES;
				CLANG_WARN_OBJC_ROOT_CLASS = YES_ERROR;
				CLANG_WARN_QUOTED_INCLUDE_IN_FRAMEWORK_HEADER = YES;
				CLANG_WARN_RANGE_LOOP_ANALYSIS = YES;
				CLANG_WARN_STRICT_PROTOTYPES = YES;
				CLANG_WARN_SUSPICIOUS_MOVE = YES;
				CLANG_WARN_UNGUARDED_AVAILABILITY = YES_AGGRESSIVE;
				CLANG_WARN_UNREACHABLE_CODE = YES;
				CLANG_WARN__DUPLICATE_METHOD_MATCH = YES;
				COPY_PHASE_STRIP = NO;
				DEBUG_INFORMATION_FORMAT = "dwarf-with-dsym";
				ENABLE_NS_ASSERTIONS = NO;
				ENABLE_STRICT_OBJC_MSGSEND = YES;
				ENABLE_USER_SCRIPT_SANDBOXING = YES;
				GCC_C_LANGUAGE_STANDARD = gnu17;
				GCC_NO_COMMON_BLOCKS = YES;
				GCC_WARN_64_TO_32_BIT_CONVERSION = YES;
				GCC_WARN_ABOUT_RETURN_TYPE = YES_ERROR;
				GCC_WARN_UNDECLARED_SELECTOR = YES;
				GCC_WARN_UNINITIALIZED_AUTOS = YES_AGGRESSIVE;
				GCC_WARN_UNUSED_FUNCTION = YES;
				GCC_WARN_UNUSED_VARIABLE = YES;
				IPHONEOS_DEPLOYMENT_TARGET = 17.4;
				LOCALIZATION_PREFERS_STRING_CATALOGS = YES;
				MTL_ENABLE_DEBUG_INFO = NO;
				MTL_FAST_MATH = YES;
				SDKROOT = iphoneos;
				SWIFT_COMPILATION_MODE = wholemodule;
				VALIDATE_PRODUCT = YES;
			};
			name = Release;
		};
		04F5BCFC2C05CD0200AC5205 /* Debug */ = {
			isa = XCBuildConfiguration;
			buildSettings = {
				ASSETCATALOG_COMPILER_APPICON_NAME = AppIcon;
				ASSETCATALOG_COMPILER_GLOBAL_ACCENT_COLOR_NAME = AccentColor;
				CODE_SIGN_STYLE = Automatic;
				CURRENT_PROJECT_VERSION = 1;
				DEVELOPMENT_ASSET_PATHS = "\"FindTheRocks/Preview Content\"";
				DEVELOPMENT_TEAM = S9J78CS67W;
				ENABLE_PREVIEWS = YES;
				GENERATE_INFOPLIST_FILE = YES;
				INFOPLIST_FILE = FindTheRocks/Info.plist;
				INFOPLIST_KEY_CFBundleDisplayName = "Find The Rock";
				INFOPLIST_KEY_NSCameraUsageDescription = "This app will use your camera to view surrounding area";
				INFOPLIST_KEY_NSLocalNetworkUsageDescription = "This application will use local network to discover nearby devices";
				INFOPLIST_KEY_UIApplicationSupportsIndirectInputEvents = YES;
				INFOPLIST_KEY_UILaunchScreen_Generation = YES;
				INFOPLIST_KEY_UISupportedInterfaceOrientations_iPad = "UIInterfaceOrientationPortrait UIInterfaceOrientationPortraitUpsideDown UIInterfaceOrientationLandscapeLeft UIInterfaceOrientationLandscapeRight";
				INFOPLIST_KEY_UISupportedInterfaceOrientations_iPhone = "UIInterfaceOrientationPortrait UIInterfaceOrientationLandscapeLeft UIInterfaceOrientationLandscapeRight";
				IPHONEOS_DEPLOYMENT_TARGET = 17.0;
				LD_RUNPATH_SEARCH_PATHS = (
					"$(inherited)",
					"@executable_path/Frameworks",
				);
				MARKETING_VERSION = 1.0;
				PRODUCT_BUNDLE_IDENTIFIER = com.FindTheRocks;
				PRODUCT_NAME = "$(TARGET_NAME)";
				SWIFT_EMIT_LOC_STRINGS = YES;
				SWIFT_VERSION = 5.0;
				TARGETED_DEVICE_FAMILY = "1,2";
			};
			name = Debug;
		};
		04F5BCFD2C05CD0200AC5205 /* Release */ = {
			isa = XCBuildConfiguration;
			buildSettings = {
				ASSETCATALOG_COMPILER_APPICON_NAME = AppIcon;
				ASSETCATALOG_COMPILER_GLOBAL_ACCENT_COLOR_NAME = AccentColor;
				CODE_SIGN_STYLE = Automatic;
				CURRENT_PROJECT_VERSION = 1;
				DEVELOPMENT_ASSET_PATHS = "\"FindTheRocks/Preview Content\"";
				DEVELOPMENT_TEAM = S9J78CS67W;
				ENABLE_PREVIEWS = YES;
				GENERATE_INFOPLIST_FILE = YES;
				INFOPLIST_FILE = FindTheRocks/Info.plist;
				INFOPLIST_KEY_CFBundleDisplayName = "Find The Rock";
				INFOPLIST_KEY_NSCameraUsageDescription = "This app will use your camera to view surrounding area";
				INFOPLIST_KEY_NSLocalNetworkUsageDescription = "This application will use local network to discover nearby devices";
				INFOPLIST_KEY_UIApplicationSupportsIndirectInputEvents = YES;
				INFOPLIST_KEY_UILaunchScreen_Generation = YES;
				INFOPLIST_KEY_UISupportedInterfaceOrientations_iPad = "UIInterfaceOrientationPortrait UIInterfaceOrientationPortraitUpsideDown UIInterfaceOrientationLandscapeLeft UIInterfaceOrientationLandscapeRight";
				INFOPLIST_KEY_UISupportedInterfaceOrientations_iPhone = "UIInterfaceOrientationPortrait UIInterfaceOrientationLandscapeLeft UIInterfaceOrientationLandscapeRight";
				IPHONEOS_DEPLOYMENT_TARGET = 17.0;
				LD_RUNPATH_SEARCH_PATHS = (
					"$(inherited)",
					"@executable_path/Frameworks",
				);
				MARKETING_VERSION = 1.0;
				PRODUCT_BUNDLE_IDENTIFIER = com.FindTheRocks;
				PRODUCT_NAME = "$(TARGET_NAME)";
				SWIFT_EMIT_LOC_STRINGS = YES;
				SWIFT_VERSION = 5.0;
				TARGETED_DEVICE_FAMILY = "1,2";
			};
			name = Release;
		};
		04F5BCFF2C05CD0200AC5205 /* Debug */ = {
			isa = XCBuildConfiguration;
			buildSettings = {
				ALWAYS_EMBED_SWIFT_STANDARD_LIBRARIES = YES;
				BUNDLE_LOADER = "$(TEST_HOST)";
				CODE_SIGN_STYLE = Automatic;
				CURRENT_PROJECT_VERSION = 1;
				DEVELOPMENT_TEAM = S9J78CS67W;
				GENERATE_INFOPLIST_FILE = YES;
				IPHONEOS_DEPLOYMENT_TARGET = 17.4;
				MARKETING_VERSION = 1.0;
				PRODUCT_BUNDLE_IDENTIFIER = com.FindTheRocksTests;
				PRODUCT_NAME = "$(TARGET_NAME)";
				SWIFT_EMIT_LOC_STRINGS = NO;
				SWIFT_VERSION = 5.0;
				TARGETED_DEVICE_FAMILY = "1,2";
				TEST_HOST = "$(BUILT_PRODUCTS_DIR)/FindTheRocks.app/$(BUNDLE_EXECUTABLE_FOLDER_PATH)/FindTheRocks";
			};
			name = Debug;
		};
		04F5BD002C05CD0200AC5205 /* Release */ = {
			isa = XCBuildConfiguration;
			buildSettings = {
				ALWAYS_EMBED_SWIFT_STANDARD_LIBRARIES = YES;
				BUNDLE_LOADER = "$(TEST_HOST)";
				CODE_SIGN_STYLE = Automatic;
				CURRENT_PROJECT_VERSION = 1;
				DEVELOPMENT_TEAM = S9J78CS67W;
				GENERATE_INFOPLIST_FILE = YES;
				IPHONEOS_DEPLOYMENT_TARGET = 17.4;
				MARKETING_VERSION = 1.0;
				PRODUCT_BUNDLE_IDENTIFIER = com.FindTheRocksTests;
				PRODUCT_NAME = "$(TARGET_NAME)";
				SWIFT_EMIT_LOC_STRINGS = NO;
				SWIFT_VERSION = 5.0;
				TARGETED_DEVICE_FAMILY = "1,2";
				TEST_HOST = "$(BUILT_PRODUCTS_DIR)/FindTheRocks.app/$(BUNDLE_EXECUTABLE_FOLDER_PATH)/FindTheRocks";
			};
			name = Release;
		};
		04F5BD022C05CD0200AC5205 /* Debug */ = {
			isa = XCBuildConfiguration;
			buildSettings = {
				ALWAYS_EMBED_SWIFT_STANDARD_LIBRARIES = YES;
				CODE_SIGN_STYLE = Automatic;
				CURRENT_PROJECT_VERSION = 1;
				DEVELOPMENT_TEAM = S9J78CS67W;
				GENERATE_INFOPLIST_FILE = YES;
				MARKETING_VERSION = 1.0;
				PRODUCT_BUNDLE_IDENTIFIER = com.FindTheRocksUITests;
				PRODUCT_NAME = "$(TARGET_NAME)";
				SWIFT_EMIT_LOC_STRINGS = NO;
				SWIFT_VERSION = 5.0;
				TARGETED_DEVICE_FAMILY = "1,2";
				TEST_TARGET_NAME = FindTheRocks;
			};
			name = Debug;
		};
		04F5BD032C05CD0200AC5205 /* Release */ = {
			isa = XCBuildConfiguration;
			buildSettings = {
				ALWAYS_EMBED_SWIFT_STANDARD_LIBRARIES = YES;
				CODE_SIGN_STYLE = Automatic;
				CURRENT_PROJECT_VERSION = 1;
				DEVELOPMENT_TEAM = S9J78CS67W;
				GENERATE_INFOPLIST_FILE = YES;
				MARKETING_VERSION = 1.0;
				PRODUCT_BUNDLE_IDENTIFIER = com.FindTheRocksUITests;
				PRODUCT_NAME = "$(TARGET_NAME)";
				SWIFT_EMIT_LOC_STRINGS = NO;
				SWIFT_VERSION = 5.0;
				TARGETED_DEVICE_FAMILY = "1,2";
				TEST_TARGET_NAME = FindTheRocks;
			};
			name = Release;
		};
/* End XCBuildConfiguration section */

/* Begin XCConfigurationList section */
		04F5BCD02C05CD0000AC5205 /* Build configuration list for PBXProject "FindTheRocks" */ = {
			isa = XCConfigurationList;
			buildConfigurations = (
				04F5BCF92C05CD0200AC5205 /* Debug */,
				04F5BCFA2C05CD0200AC5205 /* Release */,
			);
			defaultConfigurationIsVisible = 0;
			defaultConfigurationName = Release;
		};
		04F5BCFB2C05CD0200AC5205 /* Build configuration list for PBXNativeTarget "FindTheRocks" */ = {
			isa = XCConfigurationList;
			buildConfigurations = (
				04F5BCFC2C05CD0200AC5205 /* Debug */,
				04F5BCFD2C05CD0200AC5205 /* Release */,
			);
			defaultConfigurationIsVisible = 0;
			defaultConfigurationName = Release;
		};
		04F5BCFE2C05CD0200AC5205 /* Build configuration list for PBXNativeTarget "FindTheRocksTests" */ = {
			isa = XCConfigurationList;
			buildConfigurations = (
				04F5BCFF2C05CD0200AC5205 /* Debug */,
				04F5BD002C05CD0200AC5205 /* Release */,
			);
			defaultConfigurationIsVisible = 0;
			defaultConfigurationName = Release;
		};
		04F5BD012C05CD0200AC5205 /* Build configuration list for PBXNativeTarget "FindTheRocksUITests" */ = {
			isa = XCConfigurationList;
			buildConfigurations = (
				04F5BD022C05CD0200AC5205 /* Debug */,
				04F5BD032C05CD0200AC5205 /* Release */,
			);
			defaultConfigurationIsVisible = 0;
			defaultConfigurationName = Release;
		};
/* End XCConfigurationList section */
	};
	rootObject = 04F5BCCD2C05CD0000AC5205 /* Project object */;
}
